[[package]]
category = "main"
description = "Classes Without Boilerplate"
name = "attrs"
optional = false
python-versions = ">=2.7, !=3.0.*, !=3.1.*, !=3.2.*, !=3.3.*"
version = "19.3.0"

[[package]]
category = "main"
description = "Python package for providing Mozilla's CA Bundle."
name = "certifi"
optional = false
python-versions = "*"
version = "2019.9.11"

[[package]]
category = "main"
description = "Foreign Function Interface for Python calling C code."
name = "cffi"
optional = false
python-versions = "*"
version = "1.13.2"

[package.dependencies]
pycparser = "*"

[[package]]
category = "main"
description = "Universal encoding detector for Python 2 and 3"
name = "chardet"
optional = false
python-versions = "*"
version = "3.0.4"

[[package]]
category = "main"
description = "cryptography is a package which provides cryptographic recipes and primitives to Python developers."
name = "cryptography"
optional = false
python-versions = ">=2.7,!=3.0.*,!=3.1.*,!=3.2.*,!=3.3.*"
version = "2.8"

[package.dependencies]
cffi = ">=1.8,<1.11.3 || >1.11.3"
six = ">=1.4.1"

[[package]]
category = "main"
description = "Convex optimization package"
name = "cvxopt"
optional = false
python-versions = "*"
version = "1.2.3"

[[package]]
category = "main"
description = "Decorators for Humans"
name = "decorator"
optional = false
python-versions = ">=2.6, !=3.0.*, !=3.1.*"
version = "4.4.1"

[[package]]
category = "main"
description = "Implementation of Donald Knuth's Dancing Links algorithm."
name = "dlx"
optional = false
python-versions = "*"
version = "1.0.4"

[[package]]
category = "main"
description = "The IBM Decision Optimization on Cloud Python client"
name = "docloud"
optional = false
python-versions = "*"
version = "1.0.375"

[package.dependencies]
requests = "*"
six = "*"

[[package]]
category = "main"
description = "The IBM Decision Optimization CPLEX Modeling for Python"
name = "docplex"
optional = false
python-versions = "*"
version = "2.11.176"

[package.dependencies]
docloud = ">=1.0.375"
requests = "*"
six = "*"

[[package]]
category = "main"
description = "Dynamic Time Warping (DTW) algorithm with an O(N) time and memory complexity."
name = "fastdtw"
optional = false
python-versions = "*"
version = "0.3.4"

[package.dependencies]
numpy = "*"

[[package]]
category = "main"
description = "Read and write HDF5 files from Python"
name = "h5py"
optional = false
python-versions = "*"
version = "2.10.0"

[package.dependencies]
numpy = ">=1.7"
six = "*"

[[package]]
category = "main"
description = "Internationalized Domain Names in Applications (IDNA)"
name = "idna"
optional = false
python-versions = ">=2.7, !=3.0.*, !=3.1.*, !=3.2.*, !=3.3.*"
version = "2.8"

[[package]]
category = "main"
description = "Read metadata from Python packages"
name = "importlib-metadata"
optional = false
python-versions = ">=2.7,!=3.0,!=3.1,!=3.2,!=3.3"
version = "0.23"

[package.dependencies]
zipp = ">=0.5"

[[package]]
category = "main"
description = "A port of Ruby on Rails inflector to Python"
name = "inflection"
optional = false
python-versions = "*"
version = "0.3.1"

[[package]]
category = "main"
description = "Lightweight pipelining: using Python functions as pipeline jobs."
name = "joblib"
optional = false
python-versions = "*"
version = "0.14.0"

[[package]]
category = "main"
description = "An implementation of JSON Schema validation for Python"
name = "jsonschema"
optional = false
python-versions = "*"
version = "3.1.1"

[package.dependencies]
attrs = ">=17.4.0"
importlib-metadata = "*"
pyrsistent = ">=0.14.0"
setuptools = "*"
six = ">=1.11.0"

[[package]]
category = "main"
description = "A lightweight library for converting complex datatypes to and from native Python datatypes."
name = "marshmallow"
optional = false
python-versions = ">=3.5"
version = "3.2.2"

[[package]]
category = "main"
description = "An unofficial extension to Marshmallow to allow for polymorphic fields"
name = "marshmallow-polyfield"
optional = false
python-versions = "*"
version = "5.7"

[package.dependencies]
marshmallow = ">=3.0.0b10"
six = "*"

[[package]]
category = "main"
description = "More routines for operating on iterables, beyond itertools"
name = "more-itertools"
optional = false
python-versions = ">=3.4"
version = "7.2.0"

[[package]]
category = "main"
description = "Python library for arbitrary-precision floating-point arithmetic"
name = "mpmath"
optional = false
python-versions = "*"
version = "1.1.0"

[[package]]
category = "main"
description = "Patch asyncio to allow nested event loops"
name = "nest-asyncio"
optional = false
python-versions = ">=3.5"
version = "1.0.0"

[[package]]
category = "main"
description = "Python package for creating and manipulating graphs and networks"
name = "networkx"
optional = false
python-versions = ">=3.5"
version = "2.4"

[package.dependencies]
decorator = ">=4.3.0"

[[package]]
category = "main"
description = "Creates NTLM authentication structures"
name = "ntlm-auth"
optional = false
python-versions = ">=2.6,!=3.0.*,!=3.1.*,!=3.2.*,!=3.3.*"
version = "1.4.0"

[[package]]
category = "main"
description = "NumPy is the fundamental package for array computing with Python."
name = "numpy"
optional = false
python-versions = ">=3.5"
version = "1.17.3"

[[package]]
category = "main"
description = "Powerful data structures for data analysis, time series, and statistics"
name = "pandas"
optional = false
python-versions = ">=3.5.3"
version = "0.25.3"

[package.dependencies]
numpy = ">=1.13.3"
python-dateutil = ">=2.6.1"
pytz = ">=2017.2"

[[package]]
category = "main"
description = "Python Lex & Yacc"
name = "ply"
optional = false
python-versions = "*"
version = "3.11"

[[package]]
category = "main"
description = "Cross-platform lib for process and system monitoring in Python."
name = "psutil"
optional = false
python-versions = ">=2.6, !=3.0.*, !=3.1.*, !=3.2.*, !=3.3.*"
version = "5.6.5"

[[package]]
category = "main"
description = "C parser in Python"
name = "pycparser"
optional = false
python-versions = ">=2.7, !=3.0.*, !=3.1.*, !=3.2.*, !=3.3.*"
version = "2.19"

[[package]]
category = "main"
description = "Persistent/Functional/Immutable data structures"
name = "pyrsistent"
optional = false
python-versions = "*"
version = "0.15.5"

[package.dependencies]
six = "*"

[[package]]
category = "main"
description = "PySCF: Python-based Simulations of Chemistry Framework"
marker = "sys_platform != \"win32\""
name = "pyscf"
optional = false
python-versions = "*"
version = "1.6.4"

[package.dependencies]
h5py = "*"
numpy = "*"
scipy = "*"

[[package]]
category = "main"
description = "Extensions to the standard Python datetime module"
name = "python-dateutil"
optional = false
python-versions = "!=3.0.*,!=3.1.*,!=3.2.*,>=2.7"
version = "2.8.1"

[package.dependencies]
six = ">=1.5"

[[package]]
category = "main"
description = "World timezone definitions, modern and historical"
name = "pytz"
optional = false
python-versions = "*"
version = "2019.3"

[[package]]
category = "main"
description = "Software for developing quantum computing programs"
name = "qiskit"
optional = false
python-versions = ">=3.5"
version = "0.13.0"

[package.dependencies]
qiskit-aer = "0.3.2"
qiskit-aqua = "0.6.1"
qiskit-ibmq-provider = "0.3.3"
qiskit-ignis = "0.2.0"
qiskit-terra = "0.10.0"

[[package]]
category = "main"
description = "Qiskit Aer - High performance simulators for Qiskit"
name = "qiskit-aer"
optional = false
python-versions = "*"
version = "0.3.2"

[package.dependencies]
numpy = ">=1.13"

[[package]]
category = "main"
description = "Qiskit Aqua: An extensible library of quantum computing algorithms"
name = "qiskit-aqua"
optional = false
python-versions = ">=3.5"
version = "0.6.1"

[package.dependencies]
cvxopt = "*"
dlx = "*"
docplex = "*"
fastdtw = "*"
h5py = "*"
jsonschema = ">=2.6"
networkx = ">=2.2"
numpy = ">=1.13"
psutil = ">=5"
pyscf = "*"
qiskit-ignis = ">=0.2.0,<0.3.0"
qiskit-terra = ">=0.9.0"
quandl = "*"
scikit-learn = ">=0.20.0"
scipy = ">=1.0"
setuptools = ">=40.1.0"
sympy = ">=1.3"

[[package]]
category = "main"
description = "Qiskit provider for accessing the quantum devices and simulators at IBMQ"
name = "qiskit-ibmq-provider"
optional = false
python-versions = ">=3.5"
version = "0.3.3"

[package.dependencies]
nest-asyncio = "1.0.0"
qiskit-terra = ">=0.8"
requests = ">=2.19"
requests-ntlm = ">=1.1.0"
websockets = ">=7,<8"

[[package]]
category = "main"
description = "Qiskit tools for quantum information science"
name = "qiskit-ignis"
optional = false
python-versions = ">=3.5"
version = "0.2.0"

[package.dependencies]
numpy = ">=1.13"
qiskit-terra = ">=0.8.0"
scipy = ">=0.19,<0.19.1 || >0.19.1"
setuptools = ">=40.1.0"

[[package]]
category = "main"
description = "Software for developing quantum computing programs"
name = "qiskit-terra"
optional = false
python-versions = ">=3.5"
version = "0.10.0"

[package.dependencies]
jsonschema = ">=2.6"
marshmallow = ">=3,<4"
marshmallow-polyfield = ">=5.7,<6"
networkx = ">=2.2"
numpy = ">=1.13"
ply = ">=3.10"
psutil = ">=5"
scipy = ">=1.0"
sympy = ">=1.3"

[[package]]
category = "main"
description = "Package for quandl API access"
name = "quandl"
optional = false
python-versions = "*"
version = "3.4.6"

[package.dependencies]
inflection = ">=0.3.1"
more-itertools = "*"
numpy = ">=1.8"
pandas = ">=0.14"
python-dateutil = "*"
requests = ">=2.7.0"
six = "*"

[[package]]
category = "main"
description = "Python HTTP for Humans."
name = "requests"
optional = false
python-versions = ">=2.7, !=3.0.*, !=3.1.*, !=3.2.*, !=3.3.*, !=3.4.*"
version = "2.22.0"

[package.dependencies]
certifi = ">=2017.4.17"
chardet = ">=3.0.2,<3.1.0"
idna = ">=2.5,<2.9"
urllib3 = ">=1.21.1,<1.25.0 || >1.25.0,<1.25.1 || >1.25.1,<1.26"

[[package]]
category = "main"
description = "This package allows for HTTP NTLM authentication using the requests library."
name = "requests-ntlm"
optional = false
python-versions = "*"
version = "1.1.0"

[package.dependencies]
cryptography = ">=1.3"
ntlm-auth = ">=1.0.2"
requests = ">=2.0.0"

[[package]]
category = "main"
description = "A set of python modules for machine learning and data mining"
name = "scikit-learn"
optional = false
python-versions = ">=3.5"
version = "0.21.3"

[package.dependencies]
joblib = ">=0.11"
numpy = ">=1.11.0"
scipy = ">=0.17.0"

[[package]]
category = "main"
description = "SciPy: Scientific Library for Python"
name = "scipy"
optional = false
python-versions = ">=3.5"
version = "1.3.1"

[package.dependencies]
numpy = ">=1.13.3"

[[package]]
category = "main"
description = "Python 2 and 3 compatibility utilities"
name = "six"
optional = false
python-versions = ">=2.6, !=3.0.*, !=3.1.*"
version = "1.13.0"

[[package]]
category = "main"
description = "Computer algebra system (CAS) in Python"
name = "sympy"
optional = false
python-versions = "*"
version = "1.4"

[package.dependencies]
mpmath = ">=0.19"

[[package]]
category = "main"
description = "HTTP library with thread-safe connection pooling, file post, and more."
name = "urllib3"
optional = false
python-versions = ">=2.7, !=3.0.*, !=3.1.*, !=3.2.*, !=3.3.*, <4"
version = "1.25.6"

[[package]]
category = "main"
description = "An implementation of the WebSocket Protocol (RFC 6455 & 7692)"
name = "websockets"
optional = false
python-versions = ">=3.4"
version = "7.0"

[[package]]
category = "main"
description = "Backport of pathlib-compatible object wrapper for zip files"
name = "zipp"
optional = false
python-versions = ">=2.7"
version = "0.6.0"

[package.dependencies]
more-itertools = "*"

[metadata]
content-hash = "dde84849077d5ba9b43720382c16ab68cd80eee168a5d3b1913321ef182e092e"
python-versions = "^3.7"

[metadata.hashes]
attrs = ["08a96c641c3a74e44eb59afb61a24f2cb9f4d7188748e76ba4bb5edfa3cb7d1c", "f7b7ce16570fe9965acd6d30101a28f62fb4a7f9e926b3bbc9b61f8b04247e72"]
certifi = ["e4f3620cfea4f83eedc95b24abd9cd56f3c4b146dd0177e83a21b4eb49e21e50", "fd7c7c74727ddcf00e9acd26bba8da604ffec95bf1c2144e67aff7a8b50e6cef"]
cffi = ["0b49274afc941c626b605fb59b59c3485c17dc776dc3cc7cc14aca74cc19cc42", "0e3ea92942cb1168e38c05c1d56b0527ce31f1a370f6117f1d490b8dcd6b3a04", "135f69aecbf4517d5b3d6429207b2dff49c876be724ac0c8bf8e1ea99df3d7e5", "19db0cdd6e516f13329cba4903368bff9bb5a9331d3410b1b448daaadc495e54", "2781e9ad0e9d47173c0093321bb5435a9dfae0ed6a762aabafa13108f5f7b2ba", "291f7c42e21d72144bb1c1b2e825ec60f46d0a7468f5346841860454c7aa8f57", "2c5e309ec482556397cb21ede0350c5e82f0eb2621de04b2633588d118da4396", "2e9c80a8c3344a92cb04661115898a9129c074f7ab82011ef4b612f645939f12", "32a262e2b90ffcfdd97c7a5e24a6012a43c61f1f5a57789ad80af1d26c6acd97", "3c9fff570f13480b201e9ab69453108f6d98244a7f495e91b6c654a47486ba43", "415bdc7ca8c1c634a6d7163d43fb0ea885a07e9618a64bda407e04b04333b7db", "42194f54c11abc8583417a7cf4eaff544ce0de8187abaf5d29029c91b1725ad3", "4424e42199e86b21fc4db83bd76909a6fc2a2aefb352cb5414833c030f6ed71b", "4a43c91840bda5f55249413037b7a9b79c90b1184ed504883b72c4df70778579", "599a1e8ff057ac530c9ad1778293c665cb81a791421f46922d80a86473c13346", "5c4fae4e9cdd18c82ba3a134be256e98dc0596af1e7285a3d2602c97dcfa5159", "5ecfa867dea6fabe2a58f03ac9186ea64da1386af2159196da51c4904e11d652", "62f2578358d3a92e4ab2d830cd1c2049c9c0d0e6d3c58322993cc341bdeac22e", "6471a82d5abea994e38d2c2abc77164b4f7fbaaf80261cb98394d5793f11b12a", "6d4f18483d040e18546108eb13b1dfa1000a089bcf8529e30346116ea6240506", "71a608532ab3bd26223c8d841dde43f3516aa5d2bf37b50ac410bb5e99053e8f", "74a1d8c85fb6ff0b30fbfa8ad0ac23cd601a138f7509dc617ebc65ef305bb98d", "7b93a885bb13073afb0aa73ad82059a4c41f4b7d8eb8368980448b52d4c7dc2c", "7d4751da932caaec419d514eaa4215eaf14b612cff66398dd51129ac22680b20", "7f627141a26b551bdebbc4855c1157feeef18241b4b8366ed22a5c7d672ef858", "8169cf44dd8f9071b2b9248c35fc35e8677451c52f795daa2bb4643f32a540bc", "aa00d66c0fab27373ae44ae26a66a9e43ff2a678bf63a9c7c1a9a4d61172827a", "ccb032fda0873254380aa2bfad2582aedc2959186cce61e3a17abc1a55ff89c3", "d754f39e0d1603b5b24a7f8484b22d2904fa551fe865fd0d4c3332f078d20d4e", "d75c461e20e29afc0aee7172a0950157c704ff0dd51613506bd7d82b718e7410", "dcd65317dd15bc0451f3e01c80da2216a31916bdcffd6221ca1202d96584aa25", "e570d3ab32e2c2861c4ebe6ffcad6a8abf9347432a37608fe1fbd157b3f0036b", "fd43a88e045cf992ed09fa724b5315b790525f2676883a6ea64e3263bae6549d"]
chardet = ["84ab92ed1c4d4f16916e05906b6b75a6c0fb5db821cc65e70cbd64a3e2a5eaae", "fc323ffcaeaed0e0a02bf4d117757b98aed530d9ed4531e3e15460124c106691"]
cryptography = ["02079a6addc7b5140ba0825f542c0869ff4df9a69c360e339ecead5baefa843c", "1df22371fbf2004c6f64e927668734070a8953362cd8370ddd336774d6743595", "369d2346db5934345787451504853ad9d342d7f721ae82d098083e1f49a582ad", "3cda1f0ed8747339bbdf71b9f38ca74c7b592f24f65cdb3ab3765e4b02871651", "44ff04138935882fef7c686878e1c8fd80a723161ad6a98da31e14b7553170c2", "4b1030728872c59687badcca1e225a9103440e467c17d6d1730ab3d2d64bfeff", "58363dbd966afb4f89b3b11dfb8ff200058fbc3b947507675c19ceb46104b48d", "6ec280fb24d27e3d97aa731e16207d58bd8ae94ef6eab97249a2afe4ba643d42", "7270a6c29199adc1297776937a05b59720e8a782531f1f122f2eb8467f9aab4d", "73fd30c57fa2d0a1d7a49c561c40c2f79c7d6c374cc7750e9ac7c99176f6428e", "7f09806ed4fbea8f51585231ba742b58cbcfbfe823ea197d8c89a5e433c7e912", "90df0cc93e1f8d2fba8365fb59a858f51a11a394d64dbf3ef844f783844cc793", "971221ed40f058f5662a604bd1ae6e4521d84e6cad0b7b170564cc34169c8f13", "a518c153a2b5ed6b8cc03f7ae79d5ffad7315ad4569b2d5333a13c38d64bd8d7", "b0de590a8b0979649ebeef8bb9f54394d3a41f66c5584fff4220901739b6b2f0", "b43f53f29816ba1db8525f006fa6f49292e9b029554b3eb56a189a70f2a40879", "d31402aad60ed889c7e57934a03477b572a03af7794fa8fb1780f21ea8f6551f", "de96157ec73458a7f14e3d26f17f8128c959084931e8997b9e655a39c8fde9f9", "df6b4dca2e11865e6cfbfb708e800efb18370f5a46fd601d3755bc7f85b3a8a2", "ecadccc7ba52193963c0475ac9f6fa28ac01e01349a2ca48509667ef41ffd2cf", "fb81c17e0ebe3358486cd8cc3ad78adbae58af12fc2bf2bc0bb84e8090fa5ce8"]
cvxopt = ["03cce091b19f4cf9fcd4106c80d36ac2cbf5b57e8ade28496e117223e9ef71bd", "04f668758a4eec9d1a2639569563645ba5a50b3908ec16e9774605084e345ec6", "2d6e6bd4c170e34ab927e5e7f23fb056faaf2fa90c0b8e3e6c7882e1552aa397", "3951f50c8210c983692ae8bdb88fa1cf4b9baa4ce187474e506cca79b8492be2", "436f42d66291a2d7e6da804bb1062842e7b027f0e3a91387a02e54c8c99fe68d", "461c05dd69b0344ce0e4235f5f1872e8bb3170eb8fdb4e99b5c95f9f271639e8", "4b08d970ea5a318acd7e377fc9ee5d3cc1ca4f99a9114530e1bcc432d2ecbc4f", "547afe4247a6b6507cc89ded9ae08f377a296451c13a84996bd941e63ec6efd1", "5895b8fceaa72f2cdea92bfa7e9e187deb00e0ef957c2290997ede673a4db5f7", "7b18fc8023f971af79207ba62fd501db812b88aac0eaeaf610c1b471352c1a60", "8082407118f4fe27243941f0da8de7845f67c9f1bb6c764204ae5f6abc9d03d0", "8947f93f38032a4136d902f14de51218d137e2341e0d409192399096f5d73dd4", "8dd2356cde6f3ed0d349308501ba0c86a915f719352f80baa12f83514c8a37ec", "967333bedeb2b79bee913c2509befcecd8dc6a54388bb1254783208e4951b06e", "9fccc149e29854ac01b16a96f63a7145b2e6beeaec6c349d7d26d5f5ebd8d235", "a8ae5568a87ff474b6d7b90576b0c08db779f2e6b9bf29c17fe4cc82458ec7a1", "b5d250e16209560b9833d0d3317d3cad53081468a9b33d8eab3404bcd73fb4dc", "e69dec8c3b804941db662d9005adedb9a516309970447a884f850c70c40ffc09", "ea42f6e4876fe0cb5c0c71f7cf24ddcb4acd29c2c439acf159e0ee67012c4162", "ea62a2a1b8e2db3a6ae44ac394f58e4620149af226c250c6f2b18739b48cfc21"]
decorator = ["54c38050039232e1db4ad7375cfce6748d7b41c29e95a081c8a6d2c30364a2ce", "5d19b92a3c8f7f101c8dd86afd86b0f061a8ce4540ab8cd401fa2542756bce6d"]
dlx = ["c9747656710125545e37c1b3d71df2b0f1fbfaf2029355c1f87beaa6ece5b6e8", "ef75bc9d590216ebde7d4811f9ae6b2d6c6dc2a54772d94ae13384dc517a5aae"]
docloud = ["996d55407498fd01e6c6c480f367048f92255e9ca9db0e9ea19aaef91328a441"]
docplex = ["a27bdd3d3086a5c246a095712ece24e45de99b17d948fe7717459799fca87d09"]
fastdtw = ["2350fa6ec36bcad186eaf81f46eff35181baf04e324f522de8aeb43d0243f64f", "28918c163dce9e736e09252a02073fce712bc4c7aa18f2a45d882cca84da2dbb"]
h5py = ["063947eaed5f271679ed4ffa36bb96f57bc14f44dd4336a827d9a02702e6ce6b", "13c87efa24768a5e24e360a40e0bc4c49bcb7ce1bb13a3a7f9902cec302ccd36", "16ead3c57141101e3296ebeed79c9c143c32bdd0e82a61a2fc67e8e6d493e9d1", "3dad1730b6470fad853ef56d755d06bb916ee68a3d8272b3bab0c1ddf83bb99e", "51ae56894c6c93159086ffa2c94b5b3388c0400548ab26555c143e7cfa05b8e5", "54817b696e87eb9e403e42643305f142cd8b940fe9b3b490bbf98c3b8a894cf4", "549ad124df27c056b2e255ea1c44d30fb7a17d17676d03096ad5cd85edb32dc1", "6998be619c695910cb0effe5eb15d3a511d3d1a5d217d4bd0bebad1151ec2262", "6ef7ab1089e3ef53ca099038f3c0a94d03e3560e6aff0e9d6c64c55fb13fc681", "769e141512b54dee14ec76ed354fcacfc7d97fea5a7646b709f7400cf1838630", "79b23f47c6524d61f899254f5cd5e486e19868f1823298bc0c29d345c2447172", "7be5754a159236e95bd196419485343e2b5875e806fe68919e087b6351f40a70", "84412798925dc870ffd7107f045d7659e60f5d46d1c70c700375248bf6bf512d", "86868dc07b9cc8cb7627372a2e6636cdc7a53b7e2854ad020c9e9d8a4d3fd0f5", "8bb1d2de101f39743f91512a9750fb6c351c032e5cd3204b4487383e34da7f75", "a5f82cd4938ff8761d9760af3274acf55afc3c91c649c50ab18fcff5510a14a5", "aac4b57097ac29089f179bbc2a6e14102dd210618e94d77ee4831c65f82f17c0", "bffbc48331b4a801d2f4b7dac8a72609f0b10e6e516e5c480a3e3241e091c878", "c0d4b04bbf96c47b6d360cd06939e72def512b20a18a8547fa4af810258355d5", "c54a2c0dd4957776ace7f95879d81582298c5daf89e77fb8bee7378f132951de", "cbf28ae4b5af0f05aa6e7551cee304f1d317dbed1eb7ac1d827cee2f1ef97a99", "d3c59549f90a891691991c17f8e58c8544060fdf3ccdea267100fa5f561ff62f", "d7ae7a0576b06cb8e8a1c265a8bc4b73d05fdee6429bffc9a26a6eb531e79d72", "ecf4d0b56ee394a0984de15bceeb97cbe1fe485f1ac205121293fc44dcf3f31f", "f0e25bb91e7a02efccb50aba6591d3fe2c725479e34769802fcdd4076abfa917", "f23951a53d18398ef1344c186fb04b26163ca6ce449ebd23404b153fd111ded9", "ff7d241f866b718e4584fa95f520cb19405220c501bd3a53ee11871ba5166ea2"]
idna = ["c357b3f628cf53ae2c4c05627ecc484553142ca23264e593d327bcde5e9c3407", "ea8b7f6188e6fa117537c3df7da9fc686d485087abf6ac197f9c46432f7e4a3c"]
importlib-metadata = ["aa18d7378b00b40847790e7c27e11673d7fed219354109d0e7b9e5b25dc3ad26", "d5f18a79777f3aa179c145737780282e27b508fc8fd688cb17c7a813e8bd39af"]
inflection = ["18ea7fb7a7d152853386523def08736aa8c32636b047ade55f7578c4edeb16ca"]
joblib = ["006108c7576b3eb6c5b27761ddbf188eb6e6347696325ab2027ea1ee9a4b922d", "6fcc57aacb4e89451fd449e9412687c51817c3f48662c3d8f38ba3f8a0a193ff"]
jsonschema = ["2fa0684276b6333ff3c0b1b27081f4b2305f0a36cf702a23db50edb141893c3f", "94c0a13b4a0616458b42529091624e66700a17f847453e52279e35509a5b7631"]
marshmallow = ["1a358beb89c2b4d5555272065a9533591a3eb02f1b854f3c4002d88d8f2a1ddb", "eb97c42c5928b5720812c9268865fe863d4807bc1a8b48ddd7d5c9e1779a6af0"]
marshmallow-polyfield = ["963a01e80bca5cb4da42b8d2f7e6e90946257ae22d22ff2ed104a8a863eeb0c6"]
more-itertools = ["409cd48d4db7052af495b09dec721011634af3753ae1ef92d2b32f73a745f832", "92b8c4b06dac4f0611c0729b2f2ede52b2e1bac1ab48f089c7ddc12e26bb60c4"]
mpmath = ["fc17abe05fbab3382b61a123c398508183406fa132e0223874578e20946499f6"]
nest-asyncio = ["485a69ec0b96fa2da676913c5047de929742878eac4cbcefbe222bc499d7998b", "bd1cb7df2ea979e57d8ad02493ad85f9afbf1fcea3dfe34239da8c0dda98087e"]
networkx = ["cdfbf698749a5014bf2ed9db4a07a5295df1d3a53bf80bf3cbd61edf9df05fa1", "f8f4ff0b6f96e4f9b16af6b84622597b5334bf9cae8cf9b2e42e7985d5c95c64"]
ntlm-auth = ["11f7a3cec38155b7cecdd9bbc8c37cd738d8012f0523b3f98d8caefe394feb97", "350f2389c8ee5517f47db55a36ac2f8efc9742a60a678d6e2caa92385bdcaa9a"]
numpy = ["0b0dd8f47fb177d00fa6ef2d58783c4f41ad3126b139c91dd2f7c4b3fdf5e9a5", "25ffe71f96878e1da7e014467e19e7db90ae7d4e12affbc73101bcf61785214e", "26efd7f7d755e6ca966a5c0ac5a930a87dbbaab1c51716ac26a38f42ecc9bc4b", "28b1180c758abf34a5c3fea76fcee66a87def1656724c42bb14a6f9717a5bdf7", "2e418f0a59473dac424f888dd57e85f77502a593b207809211c76e5396ae4f5c", "30c84e3a62cfcb9e3066f25226e131451312a044f1fe2040e69ce792cb7de418", "4650d94bb9c947151737ee022b934b7d9a845a7c76e476f3e460f09a0c8c6f39", "4dd830a11e8724c9c9379feed1d1be43113f8bcce55f47ea7186d3946769ce26", "4f2a2b279efde194877aff1f76cf61c68e840db242a5c7169f1ff0fd59a2b1e2", "62d22566b3e3428dfc9ec972014c38ed9a4db4f8969c78f5414012ccd80a149e", "669795516d62f38845c7033679c648903200980d68935baaa17ac5c7ae03ae0c", "75fcd60d682db3e1f8fbe2b8b0c6761937ad56d01c1dc73edf4ef2748d5b6bc4", "9395b0a41e8b7e9a284e3be7060db9d14ad80273841c952c83a5afc241d2bd98", "9e37c35fc4e9410093b04a77d11a34c64bf658565e30df7cbe882056088a91c1", "a0678793096205a4d784bd99f32803ba8100f639cf3b932dc63b21621390ea7e", "b46554ad4dafb2927f88de5a1d207398c5385edbb5c84d30b3ef187c4a3894d8", "c867eeccd934920a800f65c6068acdd6b87e80d45cd8c8beefff783b23cdc462", "dd0667f5be56fb1b570154c2c0516a528e02d50da121bbbb2cbb0b6f87f59bc2", "de2b1c20494bdf47f0160bd88ed05f5e48ae5dc336b8de7cfade71abcc95c0b9", "f1df7b2b7740dd777571c732f98adb5aad5450aee32772f1b39249c8a50386f6", "ffca69e29079f7880c5392bf675eb8b4146479d976ae1924d01cd92b04cccbcc"]
pandas = ["00dff3a8e337f5ed7ad295d98a31821d3d0fe7792da82d78d7fd79b89c03ea9d", "22361b1597c8c2ffd697aa9bf85423afa9e1fcfa6b1ea821054a244d5f24d75e", "255920e63850dc512ce356233081098554d641ba99c3767dde9e9f35630f994b", "26382aab9c119735908d94d2c5c08020a4a0a82969b7e5eefb92f902b3b30ad7", "33970f4cacdd9a0ddb8f21e151bfb9f178afb7c36eb7c25b9094c02876f385c2", "4545467a637e0e1393f7d05d61dace89689ad6d6f66f267f86fff737b702cce9", "52da74df8a9c9a103af0a72c9d5fdc8e0183a90884278db7f386b5692a2220a4", "61741f5aeb252f39c3031d11405305b6d10ce663c53bc3112705d7ad66c013d0", "6a3ac2c87e4e32a969921d1428525f09462770c349147aa8e9ab95f88c71ec71", "7458c48e3d15b8aaa7d575be60e1e4dd70348efcd9376656b72fecd55c59a4c3", "78bf638993219311377ce9836b3dc05f627a666d0dbc8cec37c0ff3c9ada673b", "8153705d6545fd9eb6dd2bc79301bff08825d2e2f716d5dced48daafc2d0b81f", "975c461accd14e89d71772e89108a050fa824c0b87a67d34cedf245f6681fc17", "9962957a27bfb70ab64103d0a7b42fa59c642fb4ed4cb75d0227b7bb9228535d", "adc3d3a3f9e59a38d923e90e20c4922fc62d1e5a03d083440468c6d8f3f1ae0a", "bbe3eb765a0b1e578833d243e2814b60c825b7fdbf4cdfe8e8aae8a08ed56ecf", "df8864824b1fe488cf778c3650ee59c3a0d8f42e53707de167ba6b4f7d35f133", "e45055c30a608076e31a9fcd780a956ed3b1fa20db61561b8d88b79259f526f7", "ee50c2142cdcf41995655d499a157d0a812fce55c97d9aad13bc1eef837ed36c"]
ply = ["00c7c1aaa88358b9c765b6d3000c6eec0ba42abca5351b095321aef446081da3", "096f9b8350b65ebd2fd1346b12452efe5b9607f7482813ffca50c22722a807ce"]
psutil = ["021d361439586a0fd8e64f8392eb7da27135db980f249329f1a347b9de99c695", "145e0f3ab9138165f9e156c307100905fd5d9b7227504b8a9d3417351052dc3d", "348ad4179938c965a27d29cbda4a81a1b2c778ecd330a221aadc7bd33681afbd", "3feea46fbd634a93437b718518d15b5dd49599dfb59a30c739e201cc79bb759d", "474e10a92eeb4100c276d4cc67687adeb9d280bbca01031a3e41fb35dfc1d131", "47aeb4280e80f27878caae4b572b29f0ec7967554b701ba33cd3720b17ba1b07", "73a7e002781bc42fd014dfebb3fc0e45f8d92a4fb9da18baea6fb279fbc1d966", "d051532ac944f1be0179e0506f6889833cf96e466262523e57a871de65a15147", "dfb8c5c78579c226841908b539c2374da54da648ee5a837a731aa6a105a54c00", "e3f5f9278867e95970854e92d0f5fe53af742a7fc4f2eba986943345bcaed05d", "e9649bb8fc5cea1f7723af53e4212056a6f984ee31784c10632607f472dec5ee"]
pycparser = ["a988718abfad80b6b157acce7bf130a30876d27603738ac39f140993246b25b3"]
pyrsistent = ["eb6545dbeb1aa69ab1fb4809bfbf5a8705e44d92ef8fc7c2361682a47c46c778"]
pyscf = ["08f957359ef16ea3f35663c7b9c968db28d07cce77d6d5f608507611a19c4b73", "269469004d4d8bb61c196795cd4ee258c64f31ffa6adb66170acc4d4491df493", "3929fa1fe8e48ffdc566f15297e2ce0296852af1face3feae3dc57ebb5843cfb", "5fa7b039df20f1a2fe6c8b18bf88707e0dd65a49b213aef3cdde7ee2832e5f4e", "629a81a0188cc76ee3b1c1aa5d4b9302c348ffa04a629b615001cd3f59fa9aef", "990bfc15b6e312d9f6641d528cfaa2fda0447fd53fae69ee75c81a082c35a42f", "a172400e26483e0772e9ffcf338b120a0e596615f6ae4427cacd00b90217f13a", "a68667354d9481bd317c949eb565e88aca29a108051b2f73adca76c77a78a93e", "c18b56be3421be504ad2a0befcd1820d1476a56f7f7468212c1f310540568284", "d0c9ce9a3ec22e723202247cc2585a7dcf25434049f0957736512a97fc947a35", "d84eab28c392f7753547943c8bc99e472c47ecf667896f5957295e34815e084a", "f9cab23adcf4e09d9ae521498cae0783ce197c7467dd2a0093321a135dfc47a8"]
python-dateutil = ["73ebfe9dbf22e832286dafa60473e4cd239f8592f699aa5adaf10050e6e1823c", "75bb3f31ea686f1197762692a9ee6a7550b59fc6ca3a1f4b5d7e32fb98e2da2a"]
pytz = ["1c557d7d0e871de1f5ccd5833f60fb2550652da6be2693c1e02300743d21500d", "b02c06db6cf09c12dd25137e563b31700d3b80fcc4ad23abb7a315f2789819be"]
qiskit = ["e9c0f23dddb0af27e2bfb920f6ea8600516fa68ec9ae97639faf858ba5d28020"]
qiskit-aer = ["1b635a8c346d5e00f0f90dd9b22a5429ecbae42bad9e72da8edaaaa3150518e2", "231bfb8c66bed1ca45d62685ad83c1e3fee2b75ad49ad8ba582a62d4597a3a8c", "414577e708510205b20c009a854f138aa2098eee45f6895ad8fcf5c75a8e1a85", "4b96790b23f23a7c4aa1e48aba7cd45517c17e2b86fef9ef7065810372acf687", "7e52eab59cc697d860d0545e6aeab15fabd7409fc3a20d44e09a0d13d97d5dd8", "8d213f3b3cce3ff2a6f5edc6809de7b9b31e3b12e6bd7a74e11c0bdcd43c6fb9", "9251d958c2dda4ec8145c2566aedb3b9c82047d8a3791cd18255949ba8f9cefa", "b95b436ffade921c13245834e21e99b74892d99c2ce483a9d83aa6cd257ed130", "c5a4e06fc536c1694a600552ec6b231fa7fcaf675ce2038ea0e4971b61dbd76b", "d6d84489b354f2d1a1498d94dca38033bedbe5e944931048e824709a73aa516a", "eb3d522ddb1ad5d1246e436a3a01fc97d34a612bfd5efa3a4964d6a08de79157", "fb689dce02aed19bb34c3f4a5a05b06c19e3c26877e7c0e7e33e54671f1a7102", "fcfef3ddfa27257d3d02ff96910b083fe5f058d776a49cddc9cea07bbb37efb2"]
qiskit-aqua = ["5c2a7054289663c700c796c4de1f56e33db7b4205745ad644a19fb9b39fe5f88", "788ac1d63e51e8ecf7d0dadbe691ceadc31f50a5aa54eecaa1eb4c12afa5e96c"]
qiskit-ibmq-provider = ["7da57c34a2d4779d4354369205bb92aad89f1d9ac5634b35e6ac6ef74afb532d"]
qiskit-ignis = ["333d2361cc632161555f7fd59f25d09738b6c44402fd73fad71bb1a16f058ec5", "c6bb3c36ede3d625a9d094fddd186d96fb0c532fb507b3f9dbc3bb361f74c38d"]
qiskit-terra = ["11862d17544ffdf54235911a972d26d71178e0f912e50c4c5a20c5014cf388b2", "125cd82cfac8113b4a8ae451c00796428d97794aee90589c295e28be649ed8df", "14057ceae8df13bcc8b28b390cba80fdfe27cce1732d9426e64c29580b1db524", "15f03d7d85ac724dc6526bfb27f2aae629db1618d428c003792ba4dcb0123baa", "1a2e18fc0ff86c36094b4ef0c39a1ffb0a2e7f21469f019d2f68b63842ead6bf", "337495827ff912ebbfe683ae22bf06a4a884fe651d427fc688351e423ec3ec2b", "33ffc91264136a810743311dd2db2f1cfbc9e3c246fe81d8715797763b2cb977", "3f90b039a91b8bff12fdac343f7738a917cc9ef5f4027a5978d2f9761b5db39d", "4ab4e6dd577ecf44afb81c29c5c8c00cd45d26096daced931e562f757bcdef88", "5dafe5580828bf0f420213ecba64f59a6704c7cfeae9f6215c0b71802852607e", "880706acd3fa1cb922df6f711eb5f9b8e93329ad8998e55910e02063d254ace5", "ab0a1ca3ebf98df504590989d5a9ba20ce6268033394720e44afb0177e59e85d", "bedadce5d1b16862e25d51e2d7f2622fc96dfaa5d43aa1f6ed8f092f1d6b907b", "c9ec662db0cf89307685ec98251a359ee43134c3853c2434297592b3d8083b36", "f557cc39ba5528f0f52f6e2810ab0ffc3718092bc76b64ab5bd21e09047d2609", "fab912ac8160b965f7a5c69200de44e94e87530bc57a4488d736f5f4c7eaae56"]
quandl = ["8f24dbfb0832a19c2eee5c2aa317fa6bc87ecb977c1a0515e8aaad42a4456595", "b049ebb6f8e028605d0de9e05cc58a32992f5958312b1dc648a7486e8a234946"]
requests = ["11e007a8a2aa0323f5a921e9e6a2d7e4e67d9877e85773fba9ba6419025cbeb4", "9cf5292fcd0f598c671cfc1e0d7d1a7f13bb8085e9a590f48c010551dc6c4b31"]
requests-ntlm = ["1eb43d1026b64d431a8e0f1e8a8c8119ac698e72e9b95102018214411a8463ea", "9189c92e8c61ae91402a64b972c4802b2457ce6a799d658256ebf084d5c7eb71"]
scikit-learn = ["1ac81293d261747c25ea5a0ee8cd2bb1f3b5ba9ec05421a7f9f0feb4eb7c4116", "289361cf003d90b007f5066b27fcddc2d71324c82f1c88e316fedacb0dfdd516", "3a14d0abd4281fc3fd2149c486c3ec7cedad848b8d5f7b6f61522029d65a29f8", "5083a5e50d9d54548e4ada829598ae63a05651dd2bb319f821ffd9e8388384a6", "777cdd5c077b7ca9cb381396c81990cf41d2fa8350760d3cad3b4c460a7db644", "8bf2ff63da820d09b96b18e88f9625228457bff8df4618f6b087e12442ef9e15", "8d319b71c449627d178f21c57614e21747e54bb3fc9602b6f42906c3931aa320", "928050b65781fea9542dfe9bfe02d8c4f5530baa8472ec60782ea77347d2c836", "92c903613ff50e22aa95d589f9fff5deb6f34e79f7f21f609680087f137bb524", "ae322235def5ce8fae645b439e332e6f25d34bb90d6a6c8e261f17eb476457b7", "c1cd6b29eb1fd1cc672ac5e4a8be5f6ea936d094a3dc659ada0746d6fac750b1", "c41a6e2685d06bcdb0d26533af2540f54884d40db7e48baed6a5bcbf1a7cc642", "d07fcb0c0acbc043faa0e7cf4d2037f71193de3fb04fb8ed5c259b089af1cf5c", "d146d5443cda0a41f74276e42faf8c7f283fef49e8a853b832885239ef544e05", "eb2b7bed0a26ba5ce3700e15938b28a4f4513578d3e54a2156c29df19ac5fd01", "eb9b8ebf59eddd8b96366428238ab27d05a19e89c5516ce294abc35cea75d003"]
scipy = ["0baa64bf42592032f6f6445a07144e355ca876b177f47ad8d0612901c9375bef", "243b04730d7223d2b844bda9500310eecc9eda0cba9ceaf0cde1839f8287dfa8", "2643cfb46d97b7797d1dbdb6f3c23fe3402904e3c90e6facfe6a9b98d808c1b5", "396eb4cdad421f846a1498299474f0a3752921229388f91f60dc3eda55a00488", "3ae3692616975d3c10aca6d574d6b4ff95568768d4525f76222fb60f142075b9", "435d19f80b4dcf67dc090cc04fde2c5c8a70b3372e64f6a9c58c5b806abfa5a8", "46a5e55850cfe02332998b3aef481d33f1efee1960fe6cfee0202c7dd6fc21ab", "75b513c462e58eeca82b22fc00f0d1875a37b12913eee9d979233349fce5c8b2", "7ccfa44a08226825126c4ef0027aa46a38c928a10f0a8a8483c80dd9f9a0ad44", "89dd6a6d329e3f693d1204d5562dd63af0fd7a17854ced17f9cbc37d5b853c8d", "a81da2fe32f4eab8b60d56ad43e44d93d392da228a77e229e59b51508a00299c", "a9d606d11eb2eec7ef893eb825017fbb6eef1e1d0b98a5b7fc11446ebeb2b9b1", "ac37eb652248e2d7cbbfd89619dce5ecfd27d657e714ed049d82f19b162e8d45", "cbc0611699e420774e945f6a4e2830f7ca2b3ee3483fca1aa659100049487dd5", "d02d813ec9958ed63b390ded463163685af6025cb2e9a226ec2c477df90c6957", "dd3b52e00f93fd1c86f2d78243dfb0d02743c94dd1d34ffea10055438e63b99d"]
six = ["1f1b7d42e254082a9db6279deae68afb421ceba6158efa6131de7b3003ee93fd", "30f610279e8b2578cab6db20741130331735c781b56053c59c4076da27f06b66"]
sympy = ["71a11e5686ae7ab6cb8feb5bd2651ef4482f8fd43a7c27e645a165e4353b23e1", "f9b00ec76151c98470e84f1da2d7d03633180b71fb318428ddccce1c867d3eaa"]
urllib3 = ["3de946ffbed6e6746608990594d08faac602528ac7015ac28d33cee6a45b7398", "9a107b99a5393caf59c7aa3c1249c16e6879447533d0887f4336dde834c7be86"]
websockets = ["04b42a1b57096ffa5627d6a78ea1ff7fad3bc2c0331ffc17bc32a4024da7fea0", "08e3c3e0535befa4f0c4443824496c03ecc25062debbcf895874f8a0b4c97c9f", "10d89d4326045bf5e15e83e9867c85d686b612822e4d8f149cf4840aab5f46e0", "232fac8a1978fc1dead4b1c2fa27c7756750fb393eb4ac52f6bc87ba7242b2fa", "4bf4c8097440eff22bc78ec76fe2a865a6e658b6977a504679aaf08f02c121da", "51642ea3a00772d1e48fb0c492f0d3ae3b6474f34d20eca005a83f8c9c06c561", "55d86102282a636e195dad68aaaf85b81d0bef449d7e2ef2ff79ac450bb25d53", "564d2675682bd497b59907d2205031acbf7d3fadf8c763b689b9ede20300b215", "5d13bf5197a92149dc0badcc2b699267ff65a867029f465accfca8abab95f412", "5eda665f6789edb9b57b57a159b9c55482cbe5b046d7db458948370554b16439", "5edb2524d4032be4564c65dc4f9d01e79fe8fad5f966e5b552f4e5164fef0885", "79691794288bc51e2a3b8de2bc0272ca8355d0b8503077ea57c0716e840ebaef", "7fcc8681e9981b9b511cdee7c580d5b005f3bb86b65bde2188e04a29f1d63317", "8e447e05ec88b1b408a4c9cde85aa6f4b04f06aa874b9f0b8e8319faf51b1fee", "90ea6b3e7787620bb295a4ae050d2811c807d65b1486749414f78cfd6fb61489", "9e13239952694b8b831088431d15f771beace10edfcf9ef230cefea14f18508f", "d40f081187f7b54d7a99d8a5c782eaa4edc335a057aa54c85059272ed826dc09", "e1df1a58ed2468c7b7ce9a2f9752a32ad08eac2bcd56318625c3647c2cd2da6f", "e98d0cec437097f09c7834a11c69d79fe6241729b23f656cfc227e93294fc242", "f8d59627702d2ff27cb495ca1abdea8bd8d581de425c56e93bff6517134e0a9b", "fc30cdf2e949a2225b012a7911d1d031df3d23e99b7eda7dfc982dc4a860dae9"]
zipp = ["3718b1cbcd963c7d4c5511a8240812904164b7f381b647143a89d3b98f9bcd8e", "f06903e9f1f43b12d371004b4ac7b06ab39a44adc747266928ae6debfa7b3335"]
